
Microsoft Visual Studio Solution File, Format Version 12.00
# Visual Studio Version 16
VisualStudioVersion = 16.0.30611.23
MinimumVisualStudioVersion = 10.0.40219.1
Project("{FAE04EC0-301F-11D3-BF4B-00C04F79EFBC}") = "Id", "Id\Id.csproj", "{5AE0F8AA-1181-4C89-9BB0-B1339A2FF302}"
EndProject
Project("{FAE04EC0-301F-11D3-BF4B-00C04F79EFBC}") = "IdentityClient", "IdentityClient\IdentityClient.csproj", "{11F92402-CAF0-4A8D-AEE3-BA78C5FBCC7F}"
EndProject
Global
	GlobalSection(SolutionConfigurationPlatforms) = preSolution
		Debug|Any CPU = Debug|Any CPU
		Release|Any CPU = Release|Any CPU
	EndGlobalSection
	GlobalSection(ProjectConfigurationPlatforms) = postSolution
		{5AE0F8AA-1181-4C89-9BB0-B1339A2FF302}.Debug|Any CPU.ActiveCfg = Debug|Any CPU
		{5AE0F8AA-1181-4C89-9BB0-B1339A2FF302}.Debug|Any CPU.Build.0 = Debug|Any CPU
		{5AE0F8AA-1181-4C89-9BB0-B1339A2FF302}.Release|Any CPU.ActiveCfg = Release|Any CPU
		{5AE0F8AA-1181-4C89-9BB0-B1339A2FF302}.Release|Any CPU.Build.0 = Release|Any CPU
		{11F92402-CAF0-4A8D-AEE3-BA78C5FBCC7F}.Debug|Any CPU.ActiveCfg = Debug|Any CPU
		{11F92402-CAF0-4A8D-AEE3-BA78C5FBCC7F}.Debug|Any CPU.Build.0 = Debug|Any CPU
		{11F92402-CAF0-4A8D-AEE3-BA78C5FBCC7F}.Release|Any CPU.ActiveCfg = Release|Any CPU
		{11F92402-CAF0-4A8D-AEE3-BA78C5FBCC7F}.Release|Any CPU.Build.0 = Release|Any CPU
	EndGlobalSection
	GlobalSection(SolutionProperties) = preSolution
		HideSolutionNode = FALSE
	EndGlobalSection
	GlobalSection(ExtensibilityGlobals) = postSolution
		SolutionGuid = {2FF4A33E-0479-4967-A79A-B7D426CAD44B}
	EndGlobalSection
EndGlobal
